
Microsoft Visual Studio Solution File, Format Version 12.00
# Visual Studio 15
VisualStudioVersion = 15.0.27130.2020
MinimumVisualStudioVersion = 10.0.40219.1
Project("{FAE04EC0-301F-11D3-BF4B-00C04F79EFBC}") = "AuthorizationCode", "src\AuthorizationCode\AuthorizationCode.csproj", "{58230B65-2E99-4644-86E5-6A146729A4C4}"
EndProject
Project("{FAE04EC0-301F-11D3-BF4B-00C04F79EFBC}") = "ClientCredentials", "src\ClientCredentials\ClientCredentials.csproj", "{92B8E650-7198-4DCD-9529-41D7380D4147}"
EndProject
Global
	GlobalSection(SolutionConfigurationPlatforms) = preSolution
		Debug|Any CPU = Debug|Any CPU
		Release|Any CPU = Release|Any CPU
	EndGlobalSection
	GlobalSection(ProjectConfigurationPlatforms) = postSolution
		{58230B65-2E99-4644-86E5-6A146729A4C4}.Debug|Any CPU.ActiveCfg = Debug|Any CPU
		{58230B65-2E99-4644-86E5-6A146729A4C4}.Debug|Any CPU.Build.0 = Debug|Any CPU
		{58230B65-2E99-4644-86E5-6A146729A4C4}.Release|Any CPU.ActiveCfg = Release|Any CPU
		{58230B65-2E99-4644-86E5-6A146729A4C4}.Release|Any CPU.Build.0 = Release|Any CPU
		{92B8E650-7198-4DCD-9529-41D7380D4147}.Debug|Any CPU.ActiveCfg = Debug|Any CPU
		{92B8E650-7198-4DCD-9529-41D7380D4147}.Debug|Any CPU.Build.0 = Debug|Any CPU
		{92B8E650-7198-4DCD-9529-41D7380D4147}.Release|Any CPU.ActiveCfg = Release|Any CPU
		{92B8E650-7198-4DCD-9529-41D7380D4147}.Release|Any CPU.Build.0 = Release|Any CPU
	EndGlobalSection
	GlobalSection(SolutionProperties) = preSolution
		HideSolutionNode = FALSE
	EndGlobalSection
	GlobalSection(ExtensibilityGlobals) = postSolution
		SolutionGuid = {9CA22124-FA74-4643-B2D3-7E3C37C8CD26}
	EndGlobalSection
EndGlobal
